
Microsoft Visual Studio Solution File, Format Version 12.00
# Visual Studio 2012
Project("{FAE04EC0-301F-11D3-BF4B-00C04F79EFBC}") = "S3NAnt", "S3NAnt.csproj", "{30325CD3-CB27-48B6-9CA2-40FF160275BB}"
EndProject
Global
	GlobalSection(SolutionConfigurationPlatforms) = preSolution
		Debug|Any CPU = Debug|Any CPU
		Release|Any CPU = Release|Any CPU
	EndGlobalSection
	GlobalSection(ProjectConfigurationPlatforms) = postSolution
		{30325CD3-CB27-48B6-9CA2-40FF160275BB}.Debug|Any CPU.ActiveCfg = Debug|Any CPU
		{30325CD3-CB27-48B6-9CA2-40FF160275BB}.Debug|Any CPU.Build.0 = Debug|Any CPU
		{30325CD3-CB27-48B6-9CA2-40FF160275BB}.Release|Any CPU.ActiveCfg = Release|Any CPU
		{30325CD3-CB27-48B6-9CA2-40FF160275BB}.Release|Any CPU.Build.0 = Release|Any CPU
	EndGlobalSection
EndGlobal
